
Microsoft Visual Studio Solution File, Format Version 12.00
# Visual Studio Version 17
VisualStudioVersion = 17.7.34031.279
MinimumVisualStudioVersion = 10.0.40219.1
Project("{FAE04EC0-301F-11D3-BF4B-00C04F79EFBC}") = "RunTimeRecords_CSDNF", "RunTimeRecords_CSDNF\RunTimeRecords_CSDNF.csproj", "{CAF54CBC-4293-4D7C-A8EF-4165647E14DD}"
EndProject
Global
	GlobalSection(SolutionConfigurationPlatforms) = preSolution
		Debug|Any CPU = Debug|Any CPU
		Release|Any CPU = Release|Any CPU
	EndGlobalSection
	GlobalSection(ProjectConfigurationPlatforms) = postSolution
		{CAF54CBC-4293-4D7C-A8EF-4165647E14DD}.Debug|Any CPU.ActiveCfg = Debug|Any CPU
		{CAF54CBC-4293-4D7C-A8EF-4165647E14DD}.Debug|Any CPU.Build.0 = Debug|Any CPU
		{CAF54CBC-4293-4D7C-A8EF-4165647E14DD}.Release|Any CPU.ActiveCfg = Release|Any CPU
		{CAF54CBC-4293-4D7C-A8EF-4165647E14DD}.Release|Any CPU.Build.0 = Release|Any CPU
	EndGlobalSection
	GlobalSection(SolutionProperties) = preSolution
		HideSolutionNode = FALSE
	EndGlobalSection
	GlobalSection(ExtensibilityGlobals) = postSolution
		SolutionGuid = {F65FF557-1E32-49A8-8C6F-820D2281AF5A}
	EndGlobalSection
EndGlobal
